
Microsoft Visual Studio Solution File, Format Version 12.00
# Solution folders
Project("{2150E333-8FDC-42A3-9474-1A3956D46DE8}") = "src", "src", "{3E1E8F48-6D0E-4F3E-A1B9-8C2A5B4D7E9F}"
EndProject
Project("{2150E333-8FDC-42A3-9474-1A3956D46DE8}") = "test", "test", "{4F2F9G59-7E1F-52G4-B2C0-9D3B6C5E8FA0}"
EndProject
Project("{2150E333-8FDC-42A3-9474-1A3956D46DE8}") = "samples", "samples", "{5G3GAH60-8F2G-63H5-C3D1-AE4C7D6F9GB1}"
EndProject
# Projects
Project("{FAE04EC0-301F-11D3-BF4B-00C04F79EFBC}") = "snglrtycrvtureofspce.Core", "src\snglrtycrvtureofspce.Core\snglrtycrvtureofspce.Core.csproj", "{C16A8634-36D6-4353-B246-D6F43E49D92A}"
EndProject
Project("{FAE04EC0-301F-11D3-BF4B-00C04F79EFBC}") = "snglrtycrvtureofspce.Core.Contracts", "src\snglrtycrvtureofspce.Core.Contracts\snglrtycrvtureofspce.Core.Contracts.csproj", "{D27B9745-47E7-5464-C357-E7G54F5AE83B}"
EndProject
Project("{FAE04EC0-301F-11D3-BF4B-00C04F79EFBC}") = "snglrtycrvtureofspce.Core.Tests", "test\snglrtycrvtureofspce.Core.Tests\snglrtycrvtureofspce.Core.Tests.csproj", "{E38CA856-58F8-6575-D468-F8H65G6BF94C}"
EndProject
Global
	GlobalSection(SolutionConfigurationPlatforms) = preSolution
		Debug|Any CPU = Debug|Any CPU
		Release|Any CPU = Release|Any CPU
	EndGlobalSection
	GlobalSection(ProjectConfigurationPlatforms) = postSolution
		{C16A8634-36D6-4353-B246-D6F43E49D92A}.Debug|Any CPU.ActiveCfg = Debug|Any CPU
		{C16A8634-36D6-4353-B246-D6F43E49D92A}.Debug|Any CPU.Build.0 = Debug|Any CPU
		{C16A8634-36D6-4353-B246-D6F43E49D92A}.Release|Any CPU.ActiveCfg = Release|Any CPU
		{C16A8634-36D6-4353-B246-D6F43E49D92A}.Release|Any CPU.Build.0 = Release|Any CPU
		{D27B9745-47E7-5464-C357-E7G54F5AE83B}.Debug|Any CPU.ActiveCfg = Debug|Any CPU
		{D27B9745-47E7-5464-C357-E7G54F5AE83B}.Debug|Any CPU.Build.0 = Debug|Any CPU
		{D27B9745-47E7-5464-C357-E7G54F5AE83B}.Release|Any CPU.ActiveCfg = Release|Any CPU
		{D27B9745-47E7-5464-C357-E7G54F5AE83B}.Release|Any CPU.Build.0 = Release|Any CPU
		{E38CA856-58F8-6575-D468-F8H65G6BF94C}.Debug|Any CPU.ActiveCfg = Debug|Any CPU
		{E38CA856-58F8-6575-D468-F8H65G6BF94C}.Debug|Any CPU.Build.0 = Debug|Any CPU
		{E38CA856-58F8-6575-D468-F8H65G6BF94C}.Release|Any CPU.ActiveCfg = Release|Any CPU
		{E38CA856-58F8-6575-D468-F8H65G6BF94C}.Release|Any CPU.Build.0 = Release|Any CPU
	EndGlobalSection
	GlobalSection(NestedProjects) = preSolution
		{C16A8634-36D6-4353-B246-D6F43E49D92A} = {3E1E8F48-6D0E-4F3E-A1B9-8C2A5B4D7E9F}
		{D27B9745-47E7-5464-C357-E7G54F5AE83B} = {3E1E8F48-6D0E-4F3E-A1B9-8C2A5B4D7E9F}
		{E38CA856-58F8-6575-D468-F8H65G6BF94C} = {4F2F9G59-7E1F-52G4-B2C0-9D3B6C5E8FA0}
	EndGlobalSection
EndGlobal
